<?xml version="1.0" encoding="utf-8"?>
<Project ToolsVersion="4.0" xmlns="http://schemas.microsoft.com/developer/msbuild/2003">
  <ItemGroup>
    <Filter Include="Resource Files">
      <UniqueIdentifier>{67DA6AB6-F800-4c08-8B7A-83BB121AAD01}</UniqueIdentifier>
      <Extensions>rc;ico;cur;bmp;dlg;rc2;rct;bin;rgs;gif;jpg;jpeg;jpe;resx;tiff;tif;png;wav</Extensions>
    </Filter>
    <Filter Include="core">
      <UniqueIdentifier>{738f5e50-2543-4628-9477-aed15e44fc63}</UniqueIdentifier>
    </Filter>
    <Filter Include="proto">
      <UniqueIdentifier>{eadc5ed9-aefd-405c-8cee-ac897b44be8c}</UniqueIdentifier>
    </Filter>
    <Filter Include="sdl">
      <UniqueIdentifier>{7a1d44a1-5292-451e-bb1d-73b8945edd9c}</UniqueIdentifier>
    </Filter>
    <Filter Include="animation">
      <UniqueIdentifier>{a82bd5ff-7764-453b-bdaf-f426631ba707}</UniqueIdentifier>
    </Filter>
  </ItemGroup>
  <ItemGroup>
    <ClInclude Include="proto\scene.pb.h">
      <Filter>proto</Filter>
    </ClInclude>
    <ClInclude Include="proto\sprite.pb.h">
      <Filter>proto</Filter>
    </ClInclude>
    <ClInclude Include="sdl\renderer.h">
      <Filter>sdl</Filter>
    </ClInclude>
    <ClInclude Include="sdl\texture.h">
      <Filter>sdl</Filter>
    </ClInclude>
    <ClInclude Include="core\action.h">
      <Filter>core</Filter>
    </ClInclude>
    <ClInclude Include="core\event.h">
      <Filter>core</Filter>
    </ClInclude>
    <ClInclude Include="core\primitives.h">
      <Filter>core</Filter>
    </ClInclude>
    <ClInclude Include="core\property-owner.h">
      <Filter>core</Filter>
    </ClInclude>
    <ClInclude Include="core\scene.h">
      <Filter>core</Filter>
    </ClInclude>
    <ClInclude Include="core\scene-manager.h">
      <Filter>core</Filter>
    </ClInclude>
    <ClInclude Include="core\troll-core.h">
      <Filter>core</Filter>
    </ClInclude>
    <ClInclude Include="core\world-element.h">
      <Filter>core</Filter>
    </ClInclude>
    <ClInclude Include="animation\animator.h">
      <Filter>animation</Filter>
    </ClInclude>
    <ClInclude Include="proto\animation.pb.h">
      <Filter>proto</Filter>
    </ClInclude>
    <ClInclude Include="animation\executor.h">
      <Filter>animation</Filter>
    </ClInclude>
    <ClInclude Include="animation\animator-manager.h">
      <Filter>animation</Filter>
    </ClInclude>
    <ClInclude Include="proto\primitives.pb.h">
      <Filter>proto</Filter>
    </ClInclude>
  </ItemGroup>
  <ItemGroup>
    <ClCompile Include="proto\scene.pb.cc">
      <Filter>proto</Filter>
    </ClCompile>
    <ClCompile Include="proto\sprite.pb.cc">
      <Filter>proto</Filter>
    </ClCompile>
    <ClCompile Include="sdl\renderer.cc">
      <Filter>sdl</Filter>
    </ClCompile>
    <ClCompile Include="core\main.cc">
      <Filter>core</Filter>
    </ClCompile>
    <ClCompile Include="core\scene-manager.cc">
      <Filter>core</Filter>
    </ClCompile>
    <ClCompile Include="core\troll-core.cc">
      <Filter>core</Filter>
    </ClCompile>
    <ClCompile Include="proto\animation.pb.cc">
      <Filter>proto</Filter>
    </ClCompile>
    <ClCompile Include="animation\animator.cc">
      <Filter>animation</Filter>
    </ClCompile>
    <ClCompile Include="animation\executor.cc">
      <Filter>animation</Filter>
    </ClCompile>
    <ClCompile Include="core\scene.cc">
      <Filter>core</Filter>
    </ClCompile>
    <ClCompile Include="animation\animator-manager.cc">
      <Filter>animation</Filter>
    </ClCompile>
    <ClCompile Include="proto\primitives.pb.cc">
      <Filter>proto</Filter>
    </ClCompile>
  </ItemGroup>
  <ItemGroup>
    <None Include="proto\scene.proto">
      <Filter>proto</Filter>
    </None>
    <None Include="proto\sprite.proto">
      <Filter>proto</Filter>
    </None>
    <None Include="proto\animation.proto">
      <Filter>proto</Filter>
    </None>
    <None Include="proto\primitives.proto">
      <Filter>proto</Filter>
    </None>
  </ItemGroup>
</Project>