<?xml version="1.0" encoding="utf-8"?>
<Project ToolsVersion="4.0" xmlns="http://schemas.microsoft.com/developer/msbuild/2003">
  <ItemGroup>
    <Filter Include="core">
      <UniqueIdentifier>{738f5e50-2543-4628-9477-aed15e44fc63}</UniqueIdentifier>
    </Filter>
    <Filter Include="proto">
      <UniqueIdentifier>{eadc5ed9-aefd-405c-8cee-ac897b44be8c}</UniqueIdentifier>
    </Filter>
    <Filter Include="sdl">
      <UniqueIdentifier>{7a1d44a1-5292-451e-bb1d-73b8945edd9c}</UniqueIdentifier>
    </Filter>
    <Filter Include="animation">
      <UniqueIdentifier>{a82bd5ff-7764-453b-bdaf-f426631ba707}</UniqueIdentifier>
    </Filter>
    <Filter Include="input">
      <UniqueIdentifier>{ff884c83-fdda-4b36-8122-c79d3d292083}</UniqueIdentifier>
    </Filter>
    <Filter Include="action">
      <UniqueIdentifier>{ba8a33be-37cd-48c3-859d-733dd956b2a4}</UniqueIdentifier>
    </Filter>
    <Filter Include="scripting">
      <UniqueIdentifier>{5fcff62d-d53d-46b3-8522-8cb01662f0bb}</UniqueIdentifier>
    </Filter>
  </ItemGroup>
  <ItemGroup>
    <ClInclude Include="proto\scene.pb.h">
      <Filter>proto</Filter>
    </ClInclude>
    <ClInclude Include="proto\sprite.pb.h">
      <Filter>proto</Filter>
    </ClInclude>
    <ClInclude Include="sdl\renderer.h">
      <Filter>sdl</Filter>
    </ClInclude>
    <ClInclude Include="sdl\texture.h">
      <Filter>sdl</Filter>
    </ClInclude>
    <ClInclude Include="core\scene-manager.h">
      <Filter>core</Filter>
    </ClInclude>
    <ClInclude Include="core\troll-core.h">
      <Filter>core</Filter>
    </ClInclude>
    <ClInclude Include="animation\animator.h">
      <Filter>animation</Filter>
    </ClInclude>
    <ClInclude Include="proto\animation.pb.h">
      <Filter>proto</Filter>
    </ClInclude>
    <ClInclude Include="animation\animator-manager.h">
      <Filter>animation</Filter>
    </ClInclude>
    <ClInclude Include="proto\primitives.pb.h">
      <Filter>proto</Filter>
    </ClInclude>
    <ClInclude Include="animation\performer.h">
      <Filter>animation</Filter>
    </ClInclude>
    <ClInclude Include="proto\action.pb.h">
      <Filter>proto</Filter>
    </ClInclude>
    <ClInclude Include="proto\event.pb.h">
      <Filter>proto</Filter>
    </ClInclude>
    <ClInclude Include="proto\scene-node.pb.h">
      <Filter>proto</Filter>
    </ClInclude>
    <ClInclude Include="core\collision-checker.h">
      <Filter>core</Filter>
    </ClInclude>
    <ClInclude Include="core\util-lib.h">
      <Filter>core</Filter>
    </ClInclude>
    <ClInclude Include="core\resource-manager.h">
      <Filter>core</Filter>
    </ClInclude>
    <ClInclude Include="input\input-event.h">
      <Filter>input</Filter>
    </ClInclude>
    <ClInclude Include="input\input-manager.h">
      <Filter>input</Filter>
    </ClInclude>
    <ClInclude Include="proto\key-binding.pb.h">
      <Filter>proto</Filter>
    </ClInclude>
    <ClInclude Include="sdl\input-backend.h">
      <Filter>sdl</Filter>
    </ClInclude>
    <ClInclude Include="action\action-manager.h">
      <Filter>action</Filter>
    </ClInclude>
    <ClInclude Include="action\executor.h">
      <Filter>action</Filter>
    </ClInclude>
    <ClInclude Include="scripting\script-manager.h">
      <Filter>scripting</Filter>
    </ClInclude>
    <ClInclude Include="animation\script-animator.h">
      <Filter>animation</Filter>
    </ClInclude>
  </ItemGroup>
  <ItemGroup>
    <ClCompile Include="proto\scene.pb.cc">
      <Filter>proto</Filter>
    </ClCompile>
    <ClCompile Include="proto\sprite.pb.cc">
      <Filter>proto</Filter>
    </ClCompile>
    <ClCompile Include="sdl\renderer.cc">
      <Filter>sdl</Filter>
    </ClCompile>
    <ClCompile Include="core\scene-manager.cc">
      <Filter>core</Filter>
    </ClCompile>
    <ClCompile Include="core\troll-core.cc">
      <Filter>core</Filter>
    </ClCompile>
    <ClCompile Include="proto\animation.pb.cc">
      <Filter>proto</Filter>
    </ClCompile>
    <ClCompile Include="animation\animator.cc">
      <Filter>animation</Filter>
    </ClCompile>
    <ClCompile Include="animation\animator-manager.cc">
      <Filter>animation</Filter>
    </ClCompile>
    <ClCompile Include="proto\primitives.pb.cc">
      <Filter>proto</Filter>
    </ClCompile>
    <ClCompile Include="animation\performer.cc">
      <Filter>animation</Filter>
    </ClCompile>
    <ClCompile Include="proto\action.pb.cc">
      <Filter>proto</Filter>
    </ClCompile>
    <ClCompile Include="proto\event.pb.cc">
      <Filter>proto</Filter>
    </ClCompile>
    <ClCompile Include="proto\scene-node.pb.cc">
      <Filter>proto</Filter>
    </ClCompile>
    <ClCompile Include="sdl\texture.cc">
      <Filter>sdl</Filter>
    </ClCompile>
    <ClCompile Include="core\collision-checker.cc">
      <Filter>core</Filter>
    </ClCompile>
    <ClCompile Include="core\util-lib.cc">
      <Filter>core</Filter>
    </ClCompile>
    <ClCompile Include="core\resource-manager.cc">
      <Filter>core</Filter>
    </ClCompile>
    <ClCompile Include="input\input-manager.cc">
      <Filter>input</Filter>
    </ClCompile>
    <ClCompile Include="proto\key-binding.pb.cc">
      <Filter>proto</Filter>
    </ClCompile>
    <ClCompile Include="sdl\input-backend.cc">
      <Filter>sdl</Filter>
    </ClCompile>
    <ClCompile Include="action\action-manager.cc">
      <Filter>action</Filter>
    </ClCompile>
    <ClCompile Include="action\executor.cc">
      <Filter>action</Filter>
    </ClCompile>
    <ClCompile Include="scripting\script-manager.cc">
      <Filter>scripting</Filter>
    </ClCompile>
    <ClCompile Include="animation\script-animator.cc">
      <Filter>animation</Filter>
    </ClCompile>
  </ItemGroup>
  <ItemGroup>
    <None Include="proto\scene.proto">
      <Filter>proto</Filter>
    </None>
    <None Include="proto\sprite.proto">
      <Filter>proto</Filter>
    </None>
    <None Include="proto\animation.proto">
      <Filter>proto</Filter>
    </None>
    <None Include="proto\primitives.proto">
      <Filter>proto</Filter>
    </None>
    <None Include="proto\action.proto">
      <Filter>proto</Filter>
    </None>
    <None Include="proto\event.proto">
      <Filter>proto</Filter>
    </None>
    <None Include="proto\scene-node.proto">
      <Filter>proto</Filter>
    </None>
    <None Include="proto\key-binding.proto">
      <Filter>proto</Filter>
    </None>
  </ItemGroup>
</Project>